
Microsoft Visual Studio Solution File, Format Version 12.00
# Visual Studio Version 16
VisualStudioVersion = 16.0.29728.190
MinimumVisualStudioVersion = 10.0.40219.1
Project("{FAE04EC0-301F-11D3-BF4B-00C04F79EFBC}") = "Slack Bot", "Slack Bot.csproj", "{F5C7A685-FF97-49B7-91E9-CD3287012A33}"
EndProject
Global
	GlobalSection(SolutionConfigurationPlatforms) = preSolution
		Debug|Any CPU = Debug|Any CPU
		Release|Any CPU = Release|Any CPU
	EndGlobalSection
	GlobalSection(ProjectConfigurationPlatforms) = postSolution
		{F5C7A685-FF97-49B7-91E9-CD3287012A33}.Debug|Any CPU.ActiveCfg = Debug|Any CPU
		{F5C7A685-FF97-49B7-91E9-CD3287012A33}.Debug|Any CPU.Build.0 = Debug|Any CPU
		{F5C7A685-FF97-49B7-91E9-CD3287012A33}.Release|Any CPU.ActiveCfg = Release|Any CPU
		{F5C7A685-FF97-49B7-91E9-CD3287012A33}.Release|Any CPU.Build.0 = Release|Any CPU
	EndGlobalSection
	GlobalSection(SolutionProperties) = preSolution
		HideSolutionNode = FALSE
	EndGlobalSection
	GlobalSection(ExtensibilityGlobals) = postSolution
		SolutionGuid = {1F01CC8C-971B-4656-94A2-40C0CBE8B121}
	EndGlobalSection
EndGlobal
